
Microsoft Visual Studio Solution File, Format Version 12.00
# Visual Studio Version 17
VisualStudioVersion = 17.13.35806.99
MinimumVisualStudioVersion = 10.0.40219.1
Project("{9A19103F-16F7-4668-BE54-9A1E7A4F7556}") = "ASPA003", "ASPA003\ASPA003.csproj", "{D517FFF9-10D1-4B79-A47B-C04650019F07}"
EndProject
Project("{9A19103F-16F7-4668-BE54-9A1E7A4F7556}") = "DAL003", "DAL003\DAL003.csproj", "{9DF75E4D-CED3-434E-9EE8-C5FD2BF92946}"
EndProject
Project("{9A19103F-16F7-4668-BE54-9A1E7A4F7556}") = "Test_DAL003", "Test_DAL003\Test_DAL003.csproj", "{095E2785-8A44-4FB0-86B9-2B5FA9054C96}"
EndProject
Global
	GlobalSection(SolutionConfigurationPlatforms) = preSolution
		Debug|Any CPU = Debug|Any CPU
		Release|Any CPU = Release|Any CPU
	EndGlobalSection
	GlobalSection(ProjectConfigurationPlatforms) = postSolution
		{D517FFF9-10D1-4B79-A47B-C04650019F07}.Debug|Any CPU.ActiveCfg = Debug|Any CPU
		{D517FFF9-10D1-4B79-A47B-C04650019F07}.Debug|Any CPU.Build.0 = Debug|Any CPU
		{D517FFF9-10D1-4B79-A47B-C04650019F07}.Release|Any CPU.ActiveCfg = Release|Any CPU
		{D517FFF9-10D1-4B79-A47B-C04650019F07}.Release|Any CPU.Build.0 = Release|Any CPU
		{9DF75E4D-CED3-434E-9EE8-C5FD2BF92946}.Debug|Any CPU.ActiveCfg = Debug|Any CPU
		{9DF75E4D-CED3-434E-9EE8-C5FD2BF92946}.Debug|Any CPU.Build.0 = Debug|Any CPU
		{9DF75E4D-CED3-434E-9EE8-C5FD2BF92946}.Release|Any CPU.ActiveCfg = Release|Any CPU
		{9DF75E4D-CED3-434E-9EE8-C5FD2BF92946}.Release|Any CPU.Build.0 = Release|Any CPU
		{095E2785-8A44-4FB0-86B9-2B5FA9054C96}.Debug|Any CPU.ActiveCfg = Debug|Any CPU
		{095E2785-8A44-4FB0-86B9-2B5FA9054C96}.Debug|Any CPU.Build.0 = Debug|Any CPU
		{095E2785-8A44-4FB0-86B9-2B5FA9054C96}.Release|Any CPU.ActiveCfg = Release|Any CPU
		{095E2785-8A44-4FB0-86B9-2B5FA9054C96}.Release|Any CPU.Build.0 = Release|Any CPU
	EndGlobalSection
	GlobalSection(SolutionProperties) = preSolution
		HideSolutionNode = FALSE
	EndGlobalSection
	GlobalSection(ExtensibilityGlobals) = postSolution
		SolutionGuid = {0F7F4961-9C41-4B83-9CC9-8DEAC0F6D433}
	EndGlobalSection
EndGlobal
