
Microsoft Visual Studio Solution File, Format Version 12.00
# Visual Studio Version 17
VisualStudioVersion = 17.13.35825.156
MinimumVisualStudioVersion = 10.0.40219.1
Project("{FAE04EC0-301F-11D3-BF4B-00C04F79EFBC}") = "DAL_Celebrity", "DAL_Celebrity.csproj", "{45EEE22E-59B1-4FCA-B206-C438B10B1903}"
EndProject
Project("{FAE04EC0-301F-11D3-BF4B-00C04F79EFBC}") = "DAL_Celebrity_MSSQL", "..\DAL_Celebrity_MSSQL\DAL_Celebrity_MSSQL.csproj", "{5F03FA9F-7908-4D4C-814F-96FD2EC5CDF7}"
EndProject
Project("{FAE04EC0-301F-11D3-BF4B-00C04F79EFBC}") = "DAL_Celebrity_MSSQL_Test", "..\DAL_Celebrity_MSSQL_Test\DAL_Celebrity_MSSQL_Test.csproj", "{04266996-1C57-488A-B5F2-3B273F8459F1}"
EndProject
Project("{FAE04EC0-301F-11D3-BF4B-00C04F79EFBC}") = "ASP006_1", "..\ASP006_1\ASP006_1.csproj", "{3DF2A247-AEA8-4171-B4F8-6DE0980F6644}"
EndProject
Global
	GlobalSection(SolutionConfigurationPlatforms) = preSolution
		Debug|Any CPU = Debug|Any CPU
		Release|Any CPU = Release|Any CPU
	EndGlobalSection
	GlobalSection(ProjectConfigurationPlatforms) = postSolution
		{45EEE22E-59B1-4FCA-B206-C438B10B1903}.Debug|Any CPU.ActiveCfg = Debug|Any CPU
		{45EEE22E-59B1-4FCA-B206-C438B10B1903}.Debug|Any CPU.Build.0 = Debug|Any CPU
		{45EEE22E-59B1-4FCA-B206-C438B10B1903}.Release|Any CPU.ActiveCfg = Release|Any CPU
		{45EEE22E-59B1-4FCA-B206-C438B10B1903}.Release|Any CPU.Build.0 = Release|Any CPU
		{5F03FA9F-7908-4D4C-814F-96FD2EC5CDF7}.Debug|Any CPU.ActiveCfg = Debug|Any CPU
		{5F03FA9F-7908-4D4C-814F-96FD2EC5CDF7}.Debug|Any CPU.Build.0 = Debug|Any CPU
		{5F03FA9F-7908-4D4C-814F-96FD2EC5CDF7}.Release|Any CPU.ActiveCfg = Release|Any CPU
		{5F03FA9F-7908-4D4C-814F-96FD2EC5CDF7}.Release|Any CPU.Build.0 = Release|Any CPU
		{04266996-1C57-488A-B5F2-3B273F8459F1}.Debug|Any CPU.ActiveCfg = Debug|Any CPU
		{04266996-1C57-488A-B5F2-3B273F8459F1}.Debug|Any CPU.Build.0 = Debug|Any CPU
		{04266996-1C57-488A-B5F2-3B273F8459F1}.Release|Any CPU.ActiveCfg = Release|Any CPU
		{04266996-1C57-488A-B5F2-3B273F8459F1}.Release|Any CPU.Build.0 = Release|Any CPU
		{3DF2A247-AEA8-4171-B4F8-6DE0980F6644}.Debug|Any CPU.ActiveCfg = Debug|Any CPU
		{3DF2A247-AEA8-4171-B4F8-6DE0980F6644}.Debug|Any CPU.Build.0 = Debug|Any CPU
		{3DF2A247-AEA8-4171-B4F8-6DE0980F6644}.Release|Any CPU.ActiveCfg = Release|Any CPU
		{3DF2A247-AEA8-4171-B4F8-6DE0980F6644}.Release|Any CPU.Build.0 = Release|Any CPU
	EndGlobalSection
	GlobalSection(SolutionProperties) = preSolution
		HideSolutionNode = FALSE
	EndGlobalSection
	GlobalSection(ExtensibilityGlobals) = postSolution
		SolutionGuid = {3C0872E7-517E-424D-B7ED-464A44FE2771}
	EndGlobalSection
EndGlobal
