
Microsoft Visual Studio Solution File, Format Version 12.00
# Visual Studio Version 17
VisualStudioVersion = 17.11.35312.102
MinimumVisualStudioVersion = 10.0.40219.1
Project("{FAE04EC0-301F-11D3-BF4B-00C04F79EFBC}") = "ASPA002_1", "ASPA002_1\ASPA002_1.csproj", "{306B0443-29C4-4EFC-9390-F7BBECDC4EBB}"
EndProject
Project("{FAE04EC0-301F-11D3-BF4B-00C04F79EFBC}") = "ASPA002_2", "ASPA002_2\ASPA002_2.csproj", "{9A6B8D8F-BBF7-496E-BB79-5CEB0C9134D4}"
EndProject
Project("{FAE04EC0-301F-11D3-BF4B-00C04F79EFBC}") = "ASPA002_3", "ASPA002_3\ASPA002_3.csproj", "{C92064CF-0B59-4218-8EFC-94710990E7A1}"
EndProject
Global
	GlobalSection(SolutionConfigurationPlatforms) = preSolution
		Debug|Any CPU = Debug|Any CPU
		Release|Any CPU = Release|Any CPU
	EndGlobalSection
	GlobalSection(ProjectConfigurationPlatforms) = postSolution
		{306B0443-29C4-4EFC-9390-F7BBECDC4EBB}.Debug|Any CPU.ActiveCfg = Debug|Any CPU
		{306B0443-29C4-4EFC-9390-F7BBECDC4EBB}.Debug|Any CPU.Build.0 = Debug|Any CPU
		{306B0443-29C4-4EFC-9390-F7BBECDC4EBB}.Release|Any CPU.ActiveCfg = Release|Any CPU
		{306B0443-29C4-4EFC-9390-F7BBECDC4EBB}.Release|Any CPU.Build.0 = Release|Any CPU
		{9A6B8D8F-BBF7-496E-BB79-5CEB0C9134D4}.Debug|Any CPU.ActiveCfg = Debug|Any CPU
		{9A6B8D8F-BBF7-496E-BB79-5CEB0C9134D4}.Debug|Any CPU.Build.0 = Debug|Any CPU
		{9A6B8D8F-BBF7-496E-BB79-5CEB0C9134D4}.Release|Any CPU.ActiveCfg = Release|Any CPU
		{9A6B8D8F-BBF7-496E-BB79-5CEB0C9134D4}.Release|Any CPU.Build.0 = Release|Any CPU
		{C92064CF-0B59-4218-8EFC-94710990E7A1}.Debug|Any CPU.ActiveCfg = Debug|Any CPU
		{C92064CF-0B59-4218-8EFC-94710990E7A1}.Debug|Any CPU.Build.0 = Debug|Any CPU
		{C92064CF-0B59-4218-8EFC-94710990E7A1}.Release|Any CPU.ActiveCfg = Release|Any CPU
		{C92064CF-0B59-4218-8EFC-94710990E7A1}.Release|Any CPU.Build.0 = Release|Any CPU
	EndGlobalSection
	GlobalSection(SolutionProperties) = preSolution
		HideSolutionNode = FALSE
	EndGlobalSection
	GlobalSection(ExtensibilityGlobals) = postSolution
		SolutionGuid = {1D4B4A56-8B52-4036-8F20-9B82194BD2E6}
	EndGlobalSection
EndGlobal
